
Microsoft Visual Studio Solution File, Format Version 12.00
# Visual Studio Version 16
VisualStudioVersion = 16.0.809.3
MinimumVisualStudioVersion = 10.0.40219.1
Project("{FAE04EC0-301F-11D3-BF4B-00C04F79EFBC}") = "HttpDDoS.Endpoint", "HttpDDoS.Endpoint\HttpDDoS.Endpoint.csproj", "{DD33BCDE-4EFD-46DA-BEFC-3FF6F5844AD6}"
EndProject
Project("{FAE04EC0-301F-11D3-BF4B-00C04F79EFBC}") = "HttpDDoS.Master", "HttpDDoS.Master\HttpDDoS.Master.csproj", "{16525BBB-D7AB-4340-985E-C89695DC6238}"
EndProject
Project("{FAE04EC0-301F-11D3-BF4B-00C04F79EFBC}") = "HttpDDoS.Shared", "HttpDDoS.Shared\HttpDDoS.Shared.csproj", "{DE70E352-0BAA-4A4C-8C75-BC65B141C73F}"
EndProject
Global
	GlobalSection(SolutionConfigurationPlatforms) = preSolution
		Debug|Any CPU = Debug|Any CPU
		Release|Any CPU = Release|Any CPU
	EndGlobalSection
	GlobalSection(ProjectConfigurationPlatforms) = postSolution
		{DD33BCDE-4EFD-46DA-BEFC-3FF6F5844AD6}.Debug|Any CPU.ActiveCfg = Debug|Any CPU
		{DD33BCDE-4EFD-46DA-BEFC-3FF6F5844AD6}.Debug|Any CPU.Build.0 = Debug|Any CPU
		{DD33BCDE-4EFD-46DA-BEFC-3FF6F5844AD6}.Release|Any CPU.ActiveCfg = Release|Any CPU
		{DD33BCDE-4EFD-46DA-BEFC-3FF6F5844AD6}.Release|Any CPU.Build.0 = Release|Any CPU
		{16525BBB-D7AB-4340-985E-C89695DC6238}.Debug|Any CPU.ActiveCfg = Debug|Any CPU
		{16525BBB-D7AB-4340-985E-C89695DC6238}.Debug|Any CPU.Build.0 = Debug|Any CPU
		{16525BBB-D7AB-4340-985E-C89695DC6238}.Release|Any CPU.ActiveCfg = Release|Any CPU
		{16525BBB-D7AB-4340-985E-C89695DC6238}.Release|Any CPU.Build.0 = Release|Any CPU
		{DE70E352-0BAA-4A4C-8C75-BC65B141C73F}.Debug|Any CPU.ActiveCfg = Debug|Any CPU
		{DE70E352-0BAA-4A4C-8C75-BC65B141C73F}.Debug|Any CPU.Build.0 = Debug|Any CPU
		{DE70E352-0BAA-4A4C-8C75-BC65B141C73F}.Release|Any CPU.ActiveCfg = Release|Any CPU
		{DE70E352-0BAA-4A4C-8C75-BC65B141C73F}.Release|Any CPU.Build.0 = Release|Any CPU
	EndGlobalSection
	GlobalSection(SolutionProperties) = preSolution
		HideSolutionNode = FALSE
	EndGlobalSection
	GlobalSection(ExtensibilityGlobals) = postSolution
		SolutionGuid = {9BF50CA4-A100-4264-A037-0C6B5930BC8E}
	EndGlobalSection
EndGlobal
